// !$*UTF8*$!
{
	archiveVersion = 1;
	classes = {
	};
	objectVersion = 56;
	objects = {

/* Begin PBXBuildFile section */
		A028ABC829AC7E200038F899 /* AppetizersApp.swift in Sources */ = {isa = PBXBuildFile; fileRef = A028ABC729AC7E200038F899 /* AppetizersApp.swift */; };
		A028ABCA29AC7E200038F899 /* AppetizerTabView.swift in Sources */ = {isa = PBXBuildFile; fileRef = A028ABC929AC7E200038F899 /* AppetizerTabView.swift */; };
		A028ABCC29AC7E220038F899 /* Assets.xcassets in Resources */ = {isa = PBXBuildFile; fileRef = A028ABCB29AC7E220038F899 /* Assets.xcassets */; };
		A028ABCF29AC7E220038F899 /* Preview Assets.xcassets in Resources */ = {isa = PBXBuildFile; fileRef = A028ABCE29AC7E220038F899 /* Preview Assets.xcassets */; };
		A028ABD629AC7E720038F899 /* AppetizerListView.swift in Sources */ = {isa = PBXBuildFile; fileRef = A028ABD529AC7E720038F899 /* AppetizerListView.swift */; };
		A028ABDA29AC7E880038F899 /* AccountView.swift in Sources */ = {isa = PBXBuildFile; fileRef = A028ABD929AC7E880038F899 /* AccountView.swift */; };
		A028ABDC29AC7E8C0038F899 /* OrderView.swift in Sources */ = {isa = PBXBuildFile; fileRef = A028ABDB29AC7E8C0038F899 /* OrderView.swift */; };
		A028ABDE29ACA14E0038F899 /* Appetizer.swift in Sources */ = {isa = PBXBuildFile; fileRef = A028ABDD29ACA14E0038F899 /* Appetizer.swift */; };
		A028ABE029ACA67A0038F899 /* AppetizerListCell.swift in Sources */ = {isa = PBXBuildFile; fileRef = A028ABDF29ACA6790038F899 /* AppetizerListCell.swift */; };
		A028ABE229ACA6E40038F899 /* NetworkManager.swift in Sources */ = {isa = PBXBuildFile; fileRef = A028ABE129ACA6E40038F899 /* NetworkManager.swift */; };
		A028ABE429ACA7540038F899 /* APError.swift in Sources */ = {isa = PBXBuildFile; fileRef = A028ABE329ACA7540038F899 /* APError.swift */; };
		A028ABE629ACB8DA0038F899 /* AppetizerListViewModel.swift in Sources */ = {isa = PBXBuildFile; fileRef = A028ABE529ACB8DA0038F899 /* AppetizerListViewModel.swift */; };
		A028ABE829ACCE690038F899 /* Alert.swift in Sources */ = {isa = PBXBuildFile; fileRef = A028ABE729ACCE690038F899 /* Alert.swift */; };
		A028ABEA29ACEB840038F899 /* LoadingView.swift in Sources */ = {isa = PBXBuildFile; fileRef = A028ABE929ACEB840038F899 /* LoadingView.swift */; };
		A028ABEC29ACEC510038F899 /* Color+Ext.swift in Sources */ = {isa = PBXBuildFile; fileRef = A028ABEB29ACEC510038F899 /* Color+Ext.swift */; };
		A028ABEE29AD072D0038F899 /* RemoteImage.swift in Sources */ = {isa = PBXBuildFile; fileRef = A028ABED29AD072D0038F899 /* RemoteImage.swift */; };
		A028AC0C29AE25980038F899 /* AppetizerDetailView.swift in Sources */ = {isa = PBXBuildFile; fileRef = A028AC0B29AE25980038F899 /* AppetizerDetailView.swift */; };
		A028AC0F29AE30760038F899 /* APButton.swift in Sources */ = {isa = PBXBuildFile; fileRef = A028AC0E29AE30760038F899 /* APButton.swift */; };
		A028AC1129AE30FF0038F899 /* XDismissButton.swift in Sources */ = {isa = PBXBuildFile; fileRef = A028AC1029AE30FF0038F899 /* XDismissButton.swift */; };
/* End PBXBuildFile section */

/* Begin PBXFileReference section */
		A028ABC429AC7E200038F899 /* Appetizers.app */ = {isa = PBXFileReference; explicitFileType = wrapper.application; includeInIndex = 0; path = Appetizers.app; sourceTree = BUILT_PRODUCTS_DIR; };
		A028ABC729AC7E200038F899 /* AppetizersApp.swift */ = {isa = PBXFileReference; lastKnownFileType = sourcecode.swift; path = AppetizersApp.swift; sourceTree = "<group>"; };
		A028ABC929AC7E200038F899 /* AppetizerTabView.swift */ = {isa = PBXFileReference; lastKnownFileType = sourcecode.swift; path = AppetizerTabView.swift; sourceTree = "<group>"; };
		A028ABCB29AC7E220038F899 /* Assets.xcassets */ = {isa = PBXFileReference; lastKnownFileType = folder.assetcatalog; path = Assets.xcassets; sourceTree = "<group>"; };
		A028ABCE29AC7E220038F899 /* Preview Assets.xcassets */ = {isa = PBXFileReference; lastKnownFileType = folder.assetcatalog; path = "Preview Assets.xcassets"; sourceTree = "<group>"; };
		A028ABD529AC7E720038F899 /* AppetizerListView.swift */ = {isa = PBXFileReference; lastKnownFileType = sourcecode.swift; path = AppetizerListView.swift; sourceTree = "<group>"; };
		A028ABD929AC7E880038F899 /* AccountView.swift */ = {isa = PBXFileReference; lastKnownFileType = sourcecode.swift; path = AccountView.swift; sourceTree = "<group>"; };
		A028ABDB29AC7E8C0038F899 /* OrderView.swift */ = {isa = PBXFileReference; lastKnownFileType = sourcecode.swift; path = OrderView.swift; sourceTree = "<group>"; };
		A028ABDD29ACA14E0038F899 /* Appetizer.swift */ = {isa = PBXFileReference; lastKnownFileType = sourcecode.swift; path = Appetizer.swift; sourceTree = "<group>"; };
		A028ABDF29ACA6790038F899 /* AppetizerListCell.swift */ = {isa = PBXFileReference; lastKnownFileType = sourcecode.swift; path = AppetizerListCell.swift; sourceTree = "<group>"; };
		A028ABE129ACA6E40038F899 /* NetworkManager.swift */ = {isa = PBXFileReference; lastKnownFileType = sourcecode.swift; path = NetworkManager.swift; sourceTree = "<group>"; };
		A028ABE329ACA7540038F899 /* APError.swift */ = {isa = PBXFileReference; lastKnownFileType = sourcecode.swift; path = APError.swift; sourceTree = "<group>"; };
		A028ABE529ACB8DA0038F899 /* AppetizerListViewModel.swift */ = {isa = PBXFileReference; lastKnownFileType = sourcecode.swift; path = AppetizerListViewModel.swift; sourceTree = "<group>"; };
		A028ABE729ACCE690038F899 /* Alert.swift */ = {isa = PBXFileReference; lastKnownFileType = sourcecode.swift; path = Alert.swift; sourceTree = "<group>"; };
		A028ABE929ACEB840038F899 /* LoadingView.swift */ = {isa = PBXFileReference; lastKnownFileType = sourcecode.swift; path = LoadingView.swift; sourceTree = "<group>"; };
		A028ABEB29ACEC510038F899 /* Color+Ext.swift */ = {isa = PBXFileReference; lastKnownFileType = sourcecode.swift; path = "Color+Ext.swift"; sourceTree = "<group>"; };
		A028ABED29AD072D0038F899 /* RemoteImage.swift */ = {isa = PBXFileReference; lastKnownFileType = sourcecode.swift; path = RemoteImage.swift; sourceTree = "<group>"; };
		A028AC0B29AE25980038F899 /* AppetizerDetailView.swift */ = {isa = PBXFileReference; lastKnownFileType = sourcecode.swift; path = AppetizerDetailView.swift; sourceTree = "<group>"; };
		A028AC0E29AE30760038F899 /* APButton.swift */ = {isa = PBXFileReference; lastKnownFileType = sourcecode.swift; path = APButton.swift; sourceTree = "<group>"; };
		A028AC1029AE30FF0038F899 /* XDismissButton.swift */ = {isa = PBXFileReference; lastKnownFileType = sourcecode.swift; path = XDismissButton.swift; sourceTree = "<group>"; };
/* End PBXFileReference section */

/* Begin PBXFrameworksBuildPhase section */
		A028ABC129AC7E200038F899 /* Frameworks */ = {
			isa = PBXFrameworksBuildPhase;
			buildActionMask = 2147483647;
			files = (
			);
			runOnlyForDeploymentPostprocessing = 0;
		};
/* End PBXFrameworksBuildPhase section */

/* Begin PBXGroup section */
		A028ABBB29AC7E200038F899 = {
			isa = PBXGroup;
			children = (
				A028ABC629AC7E200038F899 /* Appetizers */,
				A028ABC529AC7E200038F899 /* Products */,
			);
			sourceTree = "<group>";
		};
		A028ABC529AC7E200038F899 /* Products */ = {
			isa = PBXGroup;
			children = (
				A028ABC429AC7E200038F899 /* Appetizers.app */,
			);
			name = Products;
			sourceTree = "<group>";
		};
		A028ABC629AC7E200038F899 /* Appetizers */ = {
			isa = PBXGroup;
			children = (
				A028ABF829AD0B1E0038F899 /* Views */,
				A028ABF729AD0AF20038F899 /* Model */,
				A028ABF329AD0A960038F899 /* Utilities */,
				A028ABEF29AD0A2E0038F899 /* Screens */,
				A028ABC729AC7E200038F899 /* AppetizersApp.swift */,
				A028ABCB29AC7E220038F899 /* Assets.xcassets */,
				A028ABCD29AC7E220038F899 /* Preview Content */,
			);
			path = Appetizers;
			sourceTree = "<group>";
		};
		A028ABCD29AC7E220038F899 /* Preview Content */ = {
			isa = PBXGroup;
			children = (
				A028ABCE29AC7E220038F899 /* Preview Assets.xcassets */,
			);
			path = "Preview Content";
			sourceTree = "<group>";
		};
		A028ABEF29AD0A2E0038F899 /* Screens */ = {
			isa = PBXGroup;
			children = (
				A028ABC929AC7E200038F899 /* AppetizerTabView.swift */,
				A028ABF229AD0A4B0038F899 /* AccountView */,
				A028ABF129AD0A3E0038F899 /* OrderView */,
				A028ABF029AD0A360038F899 /* AppetizerListView */,
			);
			path = Screens;
			sourceTree = "<group>";
		};
		A028ABF029AD0A360038F899 /* AppetizerListView */ = {
			isa = PBXGroup;
			children = (
				A028ABD529AC7E720038F899 /* AppetizerListView.swift */,
				A028ABE529ACB8DA0038F899 /* AppetizerListViewModel.swift */,
				A028AC0B29AE25980038F899 /* AppetizerDetailView.swift */,
			);
			path = AppetizerListView;
			sourceTree = "<group>";
		};
		A028ABF129AD0A3E0038F899 /* OrderView */ = {
			isa = PBXGroup;
			children = (
				A028ABDB29AC7E8C0038F899 /* OrderView.swift */,
			);
			path = OrderView;
			sourceTree = "<group>";
		};
		A028ABF229AD0A4B0038F899 /* AccountView */ = {
			isa = PBXGroup;
			children = (
				A028ABD929AC7E880038F899 /* AccountView.swift */,
			);
			path = AccountView;
			sourceTree = "<group>";
		};
		A028ABF329AD0A960038F899 /* Utilities */ = {
			isa = PBXGroup;
			children = (
				A028ABF629AD0AB00038F899 /* Alerts */,
				A028ABF529AD0AA70038F899 /* Extensions */,
				A028ABF429AD0AA10038F899 /* Managers */,
			);
			path = Utilities;
			sourceTree = "<group>";
		};
		A028ABF429AD0AA10038F899 /* Managers */ = {
			isa = PBXGroup;
			children = (
				A028ABE129ACA6E40038F899 /* NetworkManager.swift */,
			);
			path = Managers;
			sourceTree = "<group>";
		};
		A028ABF529AD0AA70038F899 /* Extensions */ = {
			isa = PBXGroup;
			children = (
				A028ABEB29ACEC510038F899 /* Color+Ext.swift */,
			);
			path = Extensions;
			sourceTree = "<group>";
		};
		A028ABF629AD0AB00038F899 /* Alerts */ = {
			isa = PBXGroup;
			children = (
				A028ABE729ACCE690038F899 /* Alert.swift */,
				A028ABE329ACA7540038F899 /* APError.swift */,
			);
			path = Alerts;
			sourceTree = "<group>";
		};
		A028ABF729AD0AF20038F899 /* Model */ = {
			isa = PBXGroup;
			children = (
				A028ABDD29ACA14E0038F899 /* Appetizer.swift */,
			);
			path = Model;
			sourceTree = "<group>";
		};
		A028ABF829AD0B1E0038F899 /* Views */ = {
			isa = PBXGroup;
			children = (
				A028AC0D29AE30390038F899 /* Buttons */,
				A028ABFB29AD0B480038F899 /* Image */,
				A028ABFA29AD0B2B0038F899 /* Cells */,
				A028ABF929AD0B230038F899 /* UIKit Components */,
			);
			path = Views;
			sourceTree = "<group>";
		};
		A028ABF929AD0B230038F899 /* UIKit Components */ = {
			isa = PBXGroup;
			children = (
				A028ABE929ACEB840038F899 /* LoadingView.swift */,
			);
			path = "UIKit Components";
			sourceTree = "<group>";
		};
		A028ABFA29AD0B2B0038F899 /* Cells */ = {
			isa = PBXGroup;
			children = (
				A028ABDF29ACA6790038F899 /* AppetizerListCell.swift */,
			);
			path = Cells;
			sourceTree = "<group>";
		};
		A028ABFB29AD0B480038F899 /* Image */ = {
			isa = PBXGroup;
			children = (
				A028ABED29AD072D0038F899 /* RemoteImage.swift */,
			);
			path = Image;
			sourceTree = "<group>";
		};
		A028AC0D29AE30390038F899 /* Buttons */ = {
			isa = PBXGroup;
			children = (
				A028AC0E29AE30760038F899 /* APButton.swift */,
				A028AC1029AE30FF0038F899 /* XDismissButton.swift */,
			);
			path = Buttons;
			sourceTree = "<group>";
		};
/* End PBXGroup section */

/* Begin PBXNativeTarget section */
		A028ABC329AC7E200038F899 /* Appetizers */ = {
			isa = PBXNativeTarget;
			buildConfigurationList = A028ABD229AC7E220038F899 /* Build configuration list for PBXNativeTarget "Appetizers" */;
			buildPhases = (
				A028ABC029AC7E200038F899 /* Sources */,
				A028ABC129AC7E200038F899 /* Frameworks */,
				A028ABC229AC7E200038F899 /* Resources */,
			);
			buildRules = (
			);
			dependencies = (
			);
			name = Appetizers;
			productName = Appetizers;
			productReference = A028ABC429AC7E200038F899 /* Appetizers.app */;
			productType = "com.apple.product-type.application";
		};
/* End PBXNativeTarget section */

/* Begin PBXProject section */
		A028ABBC29AC7E200038F899 /* Project object */ = {
			isa = PBXProject;
			attributes = {
				BuildIndependentTargetsInParallel = 1;
				LastSwiftUpdateCheck = 1420;
				LastUpgradeCheck = 1420;
				TargetAttributes = {
					A028ABC329AC7E200038F899 = {
						CreatedOnToolsVersion = 14.2;
					};
				};
			};
			buildConfigurationList = A028ABBF29AC7E200038F899 /* Build configuration list for PBXProject "Appetizers" */;
			compatibilityVersion = "Xcode 14.0";
			developmentRegion = en;
			hasScannedForEncodings = 0;
			knownRegions = (
				en,
				Base,
			);
			mainGroup = A028ABBB29AC7E200038F899;
			productRefGroup = A028ABC529AC7E200038F899 /* Products */;
			projectDirPath = "";
			projectRoot = "";
			targets = (
				A028ABC329AC7E200038F899 /* Appetizers */,
			);
		};
/* End PBXProject section */

/* Begin PBXResourcesBuildPhase section */
		A028ABC229AC7E200038F899 /* Resources */ = {
			isa = PBXResourcesBuildPhase;
			buildActionMask = 2147483647;
			files = (
				A028ABCF29AC7E220038F899 /* Preview Assets.xcassets in Resources */,
				A028ABCC29AC7E220038F899 /* Assets.xcassets in Resources */,
			);
			runOnlyForDeploymentPostprocessing = 0;
		};
/* End PBXResourcesBuildPhase section */

/* Begin PBXSourcesBuildPhase section */
		A028ABC029AC7E200038F899 /* Sources */ = {
			isa = PBXSourcesBuildPhase;
			buildActionMask = 2147483647;
			files = (
				A028ABE229ACA6E40038F899 /* NetworkManager.swift in Sources */,
				A028ABEC29ACEC510038F899 /* Color+Ext.swift in Sources */,
				A028AC1129AE30FF0038F899 /* XDismissButton.swift in Sources */,
				A028ABCA29AC7E200038F899 /* AppetizerTabView.swift in Sources */,
				A028ABEE29AD072D0038F899 /* RemoteImage.swift in Sources */,
				A028ABE629ACB8DA0038F899 /* AppetizerListViewModel.swift in Sources */,
				A028ABC829AC7E200038F899 /* AppetizersApp.swift in Sources */,
				A028AC0F29AE30760038F899 /* APButton.swift in Sources */,
				A028ABE029ACA67A0038F899 /* AppetizerListCell.swift in Sources */,
				A028ABE829ACCE690038F899 /* Alert.swift in Sources */,
				A028ABE429ACA7540038F899 /* APError.swift in Sources */,
				A028ABDC29AC7E8C0038F899 /* OrderView.swift in Sources */,
				A028AC0C29AE25980038F899 /* AppetizerDetailView.swift in Sources */,
				A028ABDE29ACA14E0038F899 /* Appetizer.swift in Sources */,
				A028ABD629AC7E720038F899 /* AppetizerListView.swift in Sources */,
				A028ABEA29ACEB840038F899 /* LoadingView.swift in Sources */,
				A028ABDA29AC7E880038F899 /* AccountView.swift in Sources */,
			);
			runOnlyForDeploymentPostprocessing = 0;
		};
/* End PBXSourcesBuildPhase section */

/* Begin XCBuildConfiguration section */
		A028ABD029AC7E220038F899 /* Debug */ = {
			isa = XCBuildConfiguration;
			buildSettings = {
				ALWAYS_SEARCH_USER_PATHS = NO;
				CLANG_ANALYZER_NONNULL = YES;
				CLANG_ANALYZER_NUMBER_OBJECT_CONVERSION = YES_AGGRESSIVE;
				CLANG_CXX_LANGUAGE_STANDARD = "gnu++20";
				CLANG_ENABLE_MODULES = YES;
				CLANG_ENABLE_OBJC_ARC = YES;
				CLANG_ENABLE_OBJC_WEAK = YES;
				CLANG_WARN_BLOCK_CAPTURE_AUTORELEASING = YES;
				CLANG_WARN_BOOL_CONVERSION = YES;
				CLANG_WARN_COMMA = YES;
				CLANG_WARN_CONSTANT_CONVERSION = YES;
				CLANG_WARN_DEPRECATED_OBJC_IMPLEMENTATIONS = YES;
				CLANG_WARN_DIRECT_OBJC_ISA_USAGE = YES_ERROR;
				CLANG_WARN_DOCUMENTATION_COMMENTS = YES;
				CLANG_WARN_EMPTY_BODY = YES;
				CLANG_WARN_ENUM_CONVERSION = YES;
				CLANG_WARN_INFINITE_RECURSION = YES;
				CLANG_WARN_INT_CONVERSION = YES;
				CLANG_WARN_NON_LITERAL_NULL_CONVERSION = YES;
				CLANG_WARN_OBJC_IMPLICIT_RETAIN_SELF = YES;
				CLANG_WARN_OBJC_LITERAL_CONVERSION = YES;
				CLANG_WARN_OBJC_ROOT_CLASS = YES_ERROR;
				CLANG_WARN_QUOTED_INCLUDE_IN_FRAMEWORK_HEADER = YES;
				CLANG_WARN_RANGE_LOOP_ANALYSIS = YES;
				CLANG_WARN_STRICT_PROTOTYPES = YES;
				CLANG_WARN_SUSPICIOUS_MOVE = YES;
				CLANG_WARN_UNGUARDED_AVAILABILITY = YES_AGGRESSIVE;
				CLANG_WARN_UNREACHABLE_CODE = YES;
				CLANG_WARN__DUPLICATE_METHOD_MATCH = YES;
				COPY_PHASE_STRIP = NO;
				DEBUG_INFORMATION_FORMAT = dwarf;
				ENABLE_STRICT_OBJC_MSGSEND = YES;
				ENABLE_TESTABILITY = YES;
				GCC_C_LANGUAGE_STANDARD = gnu11;
				GCC_DYNAMIC_NO_PIC = NO;
				GCC_NO_COMMON_BLOCKS = YES;
				GCC_OPTIMIZATION_LEVEL = 0;
				GCC_PREPROCESSOR_DEFINITIONS = (
					"DEBUG=1",
					"$(inherited)",
				);
				GCC_WARN_64_TO_32_BIT_CONVERSION = YES;
				GCC_WARN_ABOUT_RETURN_TYPE = YES_ERROR;
				GCC_WARN_UNDECLARED_SELECTOR = YES;
				GCC_WARN_UNINITIALIZED_AUTOS = YES_AGGRESSIVE;
				GCC_WARN_UNUSED_FUNCTION = YES;
				GCC_WARN_UNUSED_VARIABLE = YES;
				IPHONEOS_DEPLOYMENT_TARGET = 16.2;
				MTL_ENABLE_DEBUG_INFO = INCLUDE_SOURCE;
				MTL_FAST_MATH = YES;
				ONLY_ACTIVE_ARCH = YES;
				SDKROOT = iphoneos;
				SWIFT_ACTIVE_COMPILATION_CONDITIONS = DEBUG;
				SWIFT_OPTIMIZATION_LEVEL = "-Onone";
			};
			name = Debug;
		};
		A028ABD129AC7E220038F899 /* Release */ = {
			isa = XCBuildConfiguration;
			buildSettings = {
				ALWAYS_SEARCH_USER_PATHS = NO;
				CLANG_ANALYZER_NONNULL = YES;
				CLANG_ANALYZER_NUMBER_OBJECT_CONVERSION = YES_AGGRESSIVE;
				CLANG_CXX_LANGUAGE_STANDARD = "gnu++20";
				CLANG_ENABLE_MODULES = YES;
				CLANG_ENABLE_OBJC_ARC = YES;
				CLANG_ENABLE_OBJC_WEAK = YES;
				CLANG_WARN_BLOCK_CAPTURE_AUTORELEASING = YES;
				CLANG_WARN_BOOL_CONVERSION = YES;
				CLANG_WARN_COMMA = YES;
				CLANG_WARN_CONSTANT_CONVERSION = YES;
				CLANG_WARN_DEPRECATED_OBJC_IMPLEMENTATIONS = YES;
				CLANG_WARN_DIRECT_OBJC_ISA_USAGE = YES_ERROR;
				CLANG_WARN_DOCUMENTATION_COMMENTS = YES;
				CLANG_WARN_EMPTY_BODY = YES;
				CLANG_WARN_ENUM_CONVERSION = YES;
				CLANG_WARN_INFINITE_RECURSION = YES;
				CLANG_WARN_INT_CONVERSION = YES;
				CLANG_WARN_NON_LITERAL_NULL_CONVERSION = YES;
				CLANG_WARN_OBJC_IMPLICIT_RETAIN_SELF = YES;
				CLANG_WARN_OBJC_LITERAL_CONVERSION = YES;
				CLANG_WARN_OBJC_ROOT_CLASS = YES_ERROR;
				CLANG_WARN_QUOTED_INCLUDE_IN_FRAMEWORK_HEADER = YES;
				CLANG_WARN_RANGE_LOOP_ANALYSIS = YES;
				CLANG_WARN_STRICT_PROTOTYPES = YES;
				CLANG_WARN_SUSPICIOUS_MOVE = YES;
				CLANG_WARN_UNGUARDED_AVAILABILITY = YES_AGGRESSIVE;
				CLANG_WARN_UNREACHABLE_CODE = YES;
				CLANG_WARN__DUPLICATE_METHOD_MATCH = YES;
				COPY_PHASE_STRIP = NO;
				DEBUG_INFORMATION_FORMAT = "dwarf-with-dsym";
				ENABLE_NS_ASSERTIONS = NO;
				ENABLE_STRICT_OBJC_MSGSEND = YES;
				GCC_C_LANGUAGE_STANDARD = gnu11;
				GCC_NO_COMMON_BLOCKS = YES;
				GCC_WARN_64_TO_32_BIT_CONVERSION = YES;
				GCC_WARN_ABOUT_RETURN_TYPE = YES_ERROR;
				GCC_WARN_UNDECLARED_SELECTOR = YES;
				GCC_WARN_UNINITIALIZED_AUTOS = YES_AGGRESSIVE;
				GCC_WARN_UNUSED_FUNCTION = YES;
				GCC_WARN_UNUSED_VARIABLE = YES;
				IPHONEOS_DEPLOYMENT_TARGET = 16.2;
				MTL_ENABLE_DEBUG_INFO = NO;
				MTL_FAST_MATH = YES;
				SDKROOT = iphoneos;
				SWIFT_COMPILATION_MODE = wholemodule;
				SWIFT_OPTIMIZATION_LEVEL = "-O";
				VALIDATE_PRODUCT = YES;
			};
			name = Release;
		};
		A028ABD329AC7E220038F899 /* Debug */ = {
			isa = XCBuildConfiguration;
			buildSettings = {
				ASSETCATALOG_COMPILER_APPICON_NAME = AppIcon;
				ASSETCATALOG_COMPILER_GLOBAL_ACCENT_COLOR_NAME = AccentColor;
				CODE_SIGN_STYLE = Automatic;
				CURRENT_PROJECT_VERSION = 1;
				DEVELOPMENT_ASSET_PATHS = "\"Appetizers/Preview Content\"";
				DEVELOPMENT_TEAM = 463FGP39J9;
				ENABLE_PREVIEWS = YES;
				GENERATE_INFOPLIST_FILE = YES;
				INFOPLIST_KEY_UIApplicationSceneManifest_Generation = YES;
				INFOPLIST_KEY_UIApplicationSupportsIndirectInputEvents = YES;
				INFOPLIST_KEY_UILaunchScreen_Generation = YES;
				INFOPLIST_KEY_UISupportedInterfaceOrientations_iPad = "UIInterfaceOrientationPortrait UIInterfaceOrientationPortraitUpsideDown UIInterfaceOrientationLandscapeLeft UIInterfaceOrientationLandscapeRight";
				INFOPLIST_KEY_UISupportedInterfaceOrientations_iPhone = "UIInterfaceOrientationPortrait UIInterfaceOrientationLandscapeLeft UIInterfaceOrientationLandscapeRight";
				LD_RUNPATH_SEARCH_PATHS = (
					"$(inherited)",
					"@executable_path/Frameworks",
				);
				MARKETING_VERSION = 1.0;
				PRODUCT_BUNDLE_IDENTIFIER = com.seanallen.Appetizers;
				PRODUCT_NAME = "$(TARGET_NAME)";
				SWIFT_EMIT_LOC_STRINGS = YES;
				SWIFT_VERSION = 5.0;
				TARGETED_DEVICE_FAMILY = "1,2";
			};
			name = Debug;
		};
		A028ABD429AC7E220038F899 /* Release */ = {
			isa = XCBuildConfiguration;
			buildSettings = {
				ASSETCATALOG_COMPILER_APPICON_NAME = AppIcon;
				ASSETCATALOG_COMPILER_GLOBAL_ACCENT_COLOR_NAME = AccentColor;
				CODE_SIGN_STYLE = Automatic;
				CURRENT_PROJECT_VERSION = 1;
				DEVELOPMENT_ASSET_PATHS = "\"Appetizers/Preview Content\"";
				DEVELOPMENT_TEAM = 463FGP39J9;
				ENABLE_PREVIEWS = YES;
				GENERATE_INFOPLIST_FILE = YES;
				INFOPLIST_KEY_UIApplicationSceneManifest_Generation = YES;
				INFOPLIST_KEY_UIApplicationSupportsIndirectInputEvents = YES;
				INFOPLIST_KEY_UILaunchScreen_Generation = YES;
				INFOPLIST_KEY_UISupportedInterfaceOrientations_iPad = "UIInterfaceOrientationPortrait UIInterfaceOrientationPortraitUpsideDown UIInterfaceOrientationLandscapeLeft UIInterfaceOrientationLandscapeRight";
				INFOPLIST_KEY_UISupportedInterfaceOrientations_iPhone = "UIInterfaceOrientationPortrait UIInterfaceOrientationLandscapeLeft UIInterfaceOrientationLandscapeRight";
				LD_RUNPATH_SEARCH_PATHS = (
					"$(inherited)",
					"@executable_path/Frameworks",
				);
				MARKETING_VERSION = 1.0;
				PRODUCT_BUNDLE_IDENTIFIER = com.seanallen.Appetizers;
				PRODUCT_NAME = "$(TARGET_NAME)";
				SWIFT_EMIT_LOC_STRINGS = YES;
				SWIFT_VERSION = 5.0;
				TARGETED_DEVICE_FAMILY = "1,2";
			};
			name = Release;
		};
/* End XCBuildConfiguration section */

/* Begin XCConfigurationList section */
		A028ABBF29AC7E200038F899 /* Build configuration list for PBXProject "Appetizers" */ = {
			isa = XCConfigurationList;
			buildConfigurations = (
				A028ABD029AC7E220038F899 /* Debug */,
				A028ABD129AC7E220038F899 /* Release */,
			);
			defaultConfigurationIsVisible = 0;
			defaultConfigurationName = Release;
		};
		A028ABD229AC7E220038F899 /* Build configuration list for PBXNativeTarget "Appetizers" */ = {
			isa = XCConfigurationList;
			buildConfigurations = (
				A028ABD329AC7E220038F899 /* Debug */,
				A028ABD429AC7E220038F899 /* Release */,
			);
			defaultConfigurationIsVisible = 0;
			defaultConfigurationName = Release;
		};
/* End XCConfigurationList section */
	};
	rootObject = A028ABBC29AC7E200038F899 /* Project object */;
}
